
Microsoft Visual Studio Solution File, Format Version 12.00
# Visual Studio Version 17
VisualStudioVersion = 17.14.36429.23
MinimumVisualStudioVersion = 10.0.40219.1
Project("{FAE04EC0-301F-11D3-BF4B-00C04F79EFBC}") = "PragueParkingV2", "PragueParkingV2.csproj", "{6038DBF7-A7AB-4B1E-9D20-9531990B65AD}"
EndProject
Project("{FAE04EC0-301F-11D3-BF4B-00C04F79EFBC}") = "PraqueParkingV2.Tests", "..\PraqueParkingV2.Tests\PraqueParkingV2.Tests.csproj", "{35B4A1D1-18DC-4CD2-8328-6EA3CA9EADAB}"
EndProject
Global
	GlobalSection(SolutionConfigurationPlatforms) = preSolution
		Debug|Any CPU = Debug|Any CPU
		Release|Any CPU = Release|Any CPU
	EndGlobalSection
	GlobalSection(ProjectConfigurationPlatforms) = postSolution
		{6038DBF7-A7AB-4B1E-9D20-9531990B65AD}.Debug|Any CPU.ActiveCfg = Debug|Any CPU
		{6038DBF7-A7AB-4B1E-9D20-9531990B65AD}.Debug|Any CPU.Build.0 = Debug|Any CPU
		{6038DBF7-A7AB-4B1E-9D20-9531990B65AD}.Release|Any CPU.ActiveCfg = Release|Any CPU
		{6038DBF7-A7AB-4B1E-9D20-9531990B65AD}.Release|Any CPU.Build.0 = Release|Any CPU
		{35B4A1D1-18DC-4CD2-8328-6EA3CA9EADAB}.Debug|Any CPU.ActiveCfg = Debug|Any CPU
		{35B4A1D1-18DC-4CD2-8328-6EA3CA9EADAB}.Debug|Any CPU.Build.0 = Debug|Any CPU
		{35B4A1D1-18DC-4CD2-8328-6EA3CA9EADAB}.Release|Any CPU.ActiveCfg = Release|Any CPU
		{35B4A1D1-18DC-4CD2-8328-6EA3CA9EADAB}.Release|Any CPU.Build.0 = Release|Any CPU
	EndGlobalSection
	GlobalSection(SolutionProperties) = preSolution
		HideSolutionNode = FALSE
	EndGlobalSection
	GlobalSection(ExtensibilityGlobals) = postSolution
		SolutionGuid = {4A4806E9-10BE-4C6F-A205-4B92E2BBD10B}
	EndGlobalSection
EndGlobal
